
Microsoft Visual Studio Solution File, Format Version 12.00
# Visual Studio 15
VisualStudioVersion = 15.0.28307.329
MinimumVisualStudioVersion = 10.0.40219.1
Project("{FAE04EC0-301F-11D3-BF4B-00C04F79EFBC}") = "MonitorTest", "MonitorTest\MonitorTest.csproj", "{90B18DD5-22DE-4E10-973D-00439F26F671}"
EndProject
Project("{FAE04EC0-301F-11D3-BF4B-00C04F79EFBC}") = "JoinTest", "JoinTest\JoinTest.csproj", "{28FC3582-B94E-4523-93A5-11896229B291}"
EndProject
Project("{FAE04EC0-301F-11D3-BF4B-00C04F79EFBC}") = "LoctTest", "LoctTest\LoctTest.csproj", "{EED43769-652D-4F7C-9BE0-F3D634DEE239}"
EndProject
Project("{FAE04EC0-301F-11D3-BF4B-00C04F79EFBC}") = "ListTest", "ListTest\ListTest.csproj", "{3C2DD19D-0949-4A0E-B8AB-DA23DC9DD440}"
EndProject
Global
	GlobalSection(SolutionConfigurationPlatforms) = preSolution
		Debug|Any CPU = Debug|Any CPU
		Release|Any CPU = Release|Any CPU
	EndGlobalSection
	GlobalSection(ProjectConfigurationPlatforms) = postSolution
		{90B18DD5-22DE-4E10-973D-00439F26F671}.Debug|Any CPU.ActiveCfg = Debug|Any CPU
		{90B18DD5-22DE-4E10-973D-00439F26F671}.Debug|Any CPU.Build.0 = Debug|Any CPU
		{90B18DD5-22DE-4E10-973D-00439F26F671}.Release|Any CPU.ActiveCfg = Release|Any CPU
		{90B18DD5-22DE-4E10-973D-00439F26F671}.Release|Any CPU.Build.0 = Release|Any CPU
		{28FC3582-B94E-4523-93A5-11896229B291}.Debug|Any CPU.ActiveCfg = Debug|Any CPU
		{28FC3582-B94E-4523-93A5-11896229B291}.Debug|Any CPU.Build.0 = Debug|Any CPU
		{28FC3582-B94E-4523-93A5-11896229B291}.Release|Any CPU.ActiveCfg = Release|Any CPU
		{28FC3582-B94E-4523-93A5-11896229B291}.Release|Any CPU.Build.0 = Release|Any CPU
		{EED43769-652D-4F7C-9BE0-F3D634DEE239}.Debug|Any CPU.ActiveCfg = Debug|Any CPU
		{EED43769-652D-4F7C-9BE0-F3D634DEE239}.Debug|Any CPU.Build.0 = Debug|Any CPU
		{EED43769-652D-4F7C-9BE0-F3D634DEE239}.Release|Any CPU.ActiveCfg = Release|Any CPU
		{EED43769-652D-4F7C-9BE0-F3D634DEE239}.Release|Any CPU.Build.0 = Release|Any CPU
		{3C2DD19D-0949-4A0E-B8AB-DA23DC9DD440}.Debug|Any CPU.ActiveCfg = Debug|Any CPU
		{3C2DD19D-0949-4A0E-B8AB-DA23DC9DD440}.Debug|Any CPU.Build.0 = Debug|Any CPU
		{3C2DD19D-0949-4A0E-B8AB-DA23DC9DD440}.Release|Any CPU.ActiveCfg = Release|Any CPU
		{3C2DD19D-0949-4A0E-B8AB-DA23DC9DD440}.Release|Any CPU.Build.0 = Release|Any CPU
	EndGlobalSection
	GlobalSection(SolutionProperties) = preSolution
		HideSolutionNode = FALSE
	EndGlobalSection
	GlobalSection(ExtensibilityGlobals) = postSolution
		SolutionGuid = {9D22A6CC-7EFB-497E-ACA9-630304953F8E}
	EndGlobalSection
EndGlobal
